
Microsoft Visual Studio Solution File, Format Version 12.00
# Visual Studio Version 17
VisualStudioVersion = 17.0.31903.59
MinimumVisualStudioVersion = 10.0.40219.1
Project("{2150E333-8FDC-42A3-9474-1A3956D46DE8}") = "src", "src", "{E771C7EC-D76D-4B72-9024-1F13C7F3CD91}"
EndProject
Project("{FAE04EC0-301F-11D3-BF4B-00C04F79EFBC}") = "UserAPI", "src\UserAPI\UserAPI.csproj", "{989A198B-F5AC-468B-BC70-21BCC2BBD55A}"
EndProject
Project("{FAE04EC0-301F-11D3-BF4B-00C04F79EFBC}") = "DocumentAPI", "src\DocumentAPI\DocumentAPI.csproj", "{7805F4F6-9BB6-4971-B683-DABC96C15AA8}"
EndProject
Project("{FAE04EC0-301F-11D3-BF4B-00C04F79EFBC}") = "NotificationAPI", "src\NotificationAPI\NotificationAPI.csproj", "{1ACB8E13-0255-4A59-81A8-4F99626B250F}"
EndProject
Project("{FAE04EC0-301F-11D3-BF4B-00C04F79EFBC}") = "SecureConfigAPI", "src\SecureConfigAPI\SecureConfigAPI.csproj", "{B446371A-EB94-42A3-92FB-07A9F87EB468}"
EndProject
Project("{FAE04EC0-301F-11D3-BF4B-00C04F79EFBC}") = "PublicAPI", "src\PublicAPI\PublicAPI.csproj", "{419B2F93-9A88-498D-BDEC-3EBC1039AC09}"
EndProject
Project("{FAE04EC0-301F-11D3-BF4B-00C04F79EFBC}") = "InternalAPI", "src\InternalAPI\InternalAPI.csproj", "{C99D83C9-5BB3-4364-AE07-087CBD35BF02}"
EndProject
Global
	GlobalSection(SolutionConfigurationPlatforms) = preSolution
		Debug|Any CPU = Debug|Any CPU
		Release|Any CPU = Release|Any CPU
	EndGlobalSection
	GlobalSection(SolutionProperties) = preSolution
		HideSolutionNode = FALSE
	EndGlobalSection
	GlobalSection(ProjectConfigurationPlatforms) = postSolution
		{989A198B-F5AC-468B-BC70-21BCC2BBD55A}.Debug|Any CPU.ActiveCfg = Debug|Any CPU
		{989A198B-F5AC-468B-BC70-21BCC2BBD55A}.Debug|Any CPU.Build.0 = Debug|Any CPU
		{989A198B-F5AC-468B-BC70-21BCC2BBD55A}.Release|Any CPU.ActiveCfg = Release|Any CPU
		{989A198B-F5AC-468B-BC70-21BCC2BBD55A}.Release|Any CPU.Build.0 = Release|Any CPU
		{7805F4F6-9BB6-4971-B683-DABC96C15AA8}.Debug|Any CPU.ActiveCfg = Debug|Any CPU
		{7805F4F6-9BB6-4971-B683-DABC96C15AA8}.Debug|Any CPU.Build.0 = Debug|Any CPU
		{7805F4F6-9BB6-4971-B683-DABC96C15AA8}.Release|Any CPU.ActiveCfg = Release|Any CPU
		{7805F4F6-9BB6-4971-B683-DABC96C15AA8}.Release|Any CPU.Build.0 = Release|Any CPU
		{1ACB8E13-0255-4A59-81A8-4F99626B250F}.Debug|Any CPU.ActiveCfg = Debug|Any CPU
		{1ACB8E13-0255-4A59-81A8-4F99626B250F}.Debug|Any CPU.Build.0 = Debug|Any CPU
		{1ACB8E13-0255-4A59-81A8-4F99626B250F}.Release|Any CPU.ActiveCfg = Release|Any CPU
		{1ACB8E13-0255-4A59-81A8-4F99626B250F}.Release|Any CPU.Build.0 = Release|Any CPU
		{B446371A-EB94-42A3-92FB-07A9F87EB468}.Debug|Any CPU.ActiveCfg = Debug|Any CPU
		{B446371A-EB94-42A3-92FB-07A9F87EB468}.Debug|Any CPU.Build.0 = Debug|Any CPU
		{B446371A-EB94-42A3-92FB-07A9F87EB468}.Release|Any CPU.ActiveCfg = Release|Any CPU
		{B446371A-EB94-42A3-92FB-07A9F87EB468}.Release|Any CPU.Build.0 = Release|Any CPU
		{419B2F93-9A88-498D-BDEC-3EBC1039AC09}.Debug|Any CPU.ActiveCfg = Debug|Any CPU
		{419B2F93-9A88-498D-BDEC-3EBC1039AC09}.Debug|Any CPU.Build.0 = Debug|Any CPU
		{419B2F93-9A88-498D-BDEC-3EBC1039AC09}.Release|Any CPU.ActiveCfg = Release|Any CPU
		{419B2F93-9A88-498D-BDEC-3EBC1039AC09}.Release|Any CPU.Build.0 = Release|Any CPU
		{C99D83C9-5BB3-4364-AE07-087CBD35BF02}.Debug|Any CPU.ActiveCfg = Debug|Any CPU
		{C99D83C9-5BB3-4364-AE07-087CBD35BF02}.Debug|Any CPU.Build.0 = Debug|Any CPU
		{C99D83C9-5BB3-4364-AE07-087CBD35BF02}.Release|Any CPU.ActiveCfg = Release|Any CPU
		{C99D83C9-5BB3-4364-AE07-087CBD35BF02}.Release|Any CPU.Build.0 = Release|Any CPU
	EndGlobalSection
	GlobalSection(NestedProjects) = preSolution
		{989A198B-F5AC-468B-BC70-21BCC2BBD55A} = {E771C7EC-D76D-4B72-9024-1F13C7F3CD91}
		{7805F4F6-9BB6-4971-B683-DABC96C15AA8} = {E771C7EC-D76D-4B72-9024-1F13C7F3CD91}
		{1ACB8E13-0255-4A59-81A8-4F99626B250F} = {E771C7EC-D76D-4B72-9024-1F13C7F3CD91}
		{B446371A-EB94-42A3-92FB-07A9F87EB468} = {E771C7EC-D76D-4B72-9024-1F13C7F3CD91}
		{419B2F93-9A88-498D-BDEC-3EBC1039AC09} = {E771C7EC-D76D-4B72-9024-1F13C7F3CD91}
		{C99D83C9-5BB3-4364-AE07-087CBD35BF02} = {E771C7EC-D76D-4B72-9024-1F13C7F3CD91}
	EndGlobalSection
EndGlobal
